
Microsoft Visual Studio Solution File, Format Version 12.00
# Visual Studio Version 16
VisualStudioVersion = 16.0.29318.209
MinimumVisualStudioVersion = 10.0.40219.1
Project("{FAE04EC0-301F-11D3-BF4B-00C04F79EFBC}") = "WebAPI", "WebAPI\WebAPI.csproj", "{5C4CA1E1-9DEF-4C1F-8920-2A1693E9F9C6}"
EndProject
Project("{FAE04EC0-301F-11D3-BF4B-00C04F79EFBC}") = "MVC", "MVC\MVC.csproj", "{C659B53B-AD43-40E6-B83E-114871985076}"
EndProject
Global
	GlobalSection(SolutionConfigurationPlatforms) = preSolution
		Debug|Any CPU = Debug|Any CPU
		Release|Any CPU = Release|Any CPU
	EndGlobalSection
	GlobalSection(ProjectConfigurationPlatforms) = postSolution
		{5C4CA1E1-9DEF-4C1F-8920-2A1693E9F9C6}.Debug|Any CPU.ActiveCfg = Debug|Any CPU
		{5C4CA1E1-9DEF-4C1F-8920-2A1693E9F9C6}.Debug|Any CPU.Build.0 = Debug|Any CPU
		{5C4CA1E1-9DEF-4C1F-8920-2A1693E9F9C6}.Release|Any CPU.ActiveCfg = Release|Any CPU
		{5C4CA1E1-9DEF-4C1F-8920-2A1693E9F9C6}.Release|Any CPU.Build.0 = Release|Any CPU
		{C659B53B-AD43-40E6-B83E-114871985076}.Debug|Any CPU.ActiveCfg = Debug|Any CPU
		{C659B53B-AD43-40E6-B83E-114871985076}.Debug|Any CPU.Build.0 = Debug|Any CPU
		{C659B53B-AD43-40E6-B83E-114871985076}.Release|Any CPU.ActiveCfg = Release|Any CPU
		{C659B53B-AD43-40E6-B83E-114871985076}.Release|Any CPU.Build.0 = Release|Any CPU
	EndGlobalSection
	GlobalSection(SolutionProperties) = preSolution
		HideSolutionNode = FALSE
	EndGlobalSection
	GlobalSection(ExtensibilityGlobals) = postSolution
		SolutionGuid = {BF3A586B-FBEE-4ECE-92C5-59D63C998DFC}
	EndGlobalSection
EndGlobal
